
Microsoft Visual Studio Solution File, Format Version 12.00
# Visual Studio Version 17
VisualStudioVersion = 17.0.31903.59
MinimumVisualStudioVersion = 10.0.40219.1
Project("{FAE04EC0-301F-11D3-BF4B-00C04F79EFBC}") = "FixMyHouse", "FixMyHouse\FixMyHouse.csproj", "{0E797A24-1F27-4EA2-9762-7E29238A479F}"
EndProject
Project("{FAE04EC0-301F-11D3-BF4B-00C04F79EFBC}") = "FixMyHouse.Data", "FixMyHouse.Data\FixMyHouse.Data.csproj", "{F461F2C7-731C-4C16-A852-1D0BA66F5CC0}"
EndProject
Global
	GlobalSection(SolutionConfigurationPlatforms) = preSolution
		Debug|Any CPU = Debug|Any CPU
		Release|Any CPU = Release|Any CPU
	EndGlobalSection
	GlobalSection(ProjectConfigurationPlatforms) = postSolution
		{0E797A24-1F27-4EA2-9762-7E29238A479F}.Debug|Any CPU.ActiveCfg = Debug|Any CPU
		{0E797A24-1F27-4EA2-9762-7E29238A479F}.Debug|Any CPU.Build.0 = Debug|Any CPU
		{0E797A24-1F27-4EA2-9762-7E29238A479F}.Release|Any CPU.ActiveCfg = Release|Any CPU
		{0E797A24-1F27-4EA2-9762-7E29238A479F}.Release|Any CPU.Build.0 = Release|Any CPU
		{F461F2C7-731C-4C16-A852-1D0BA66F5CC0}.Debug|Any CPU.ActiveCfg = Debug|Any CPU
		{F461F2C7-731C-4C16-A852-1D0BA66F5CC0}.Debug|Any CPU.Build.0 = Debug|Any CPU
		{F461F2C7-731C-4C16-A852-1D0BA66F5CC0}.Release|Any CPU.ActiveCfg = Release|Any CPU
		{F461F2C7-731C-4C16-A852-1D0BA66F5CC0}.Release|Any CPU.Build.0 = Release|Any CPU
	EndGlobalSection
	GlobalSection(SolutionProperties) = preSolution
		HideSolutionNode = FALSE
	EndGlobalSection
EndGlobal
